PODS:
  - Alamofire (5.2.1)
  - SwiftGen (6.1.0)

DEPENDENCIES:
  - Alamofire (~> 5.2)
  - SwiftGen (~> 6.0)

SPEC REPOS:
  trunk:
    - Alamofire
    - SwiftGen

SPEC CHECKSUMS:
  Alamofire: e911732990610fe89af59ac0077f923d72dc3dfd
  SwiftGen: f872ca75cbd17bf7103c17f13dcfa0d9a15667b0

PODFILE CHECKSUM: 9f929f446b5be1f1084395dece019886a88ab12d

COCOAPODS: 1.8.4
