// !$*UTF8*$!
{
	archiveVersion = 1;
	classes = {
	};
	objectVersion = 50;
	objects = {

/* Begin PBXBuildFile section */
		5B3ED7402481C9F50033FF79 /* AppDelegate.swift in Sources */ = {isa = PBXBuildFile; fileRef = 5B3ED73F2481C9F50033FF79 /* AppDelegate.swift */; };
		5B3ED7422481C9F50033FF79 /* SceneDelegate.swift in Sources */ = {isa = PBXBuildFile; fileRef = 5B3ED7412481C9F50033FF79 /* SceneDelegate.swift */; };
		5B3ED7492481CA000033FF79 /* Assets.xcassets in Resources */ = {isa = PBXBuildFile; fileRef = 5B3ED7482481CA000033FF79 /* Assets.xcassets */; };
		5B3ED74C2481CA000033FF79 /* LaunchScreen.storyboard in Resources */ = {isa = PBXBuildFile; fileRef = 5B3ED74A2481CA000033FF79 /* LaunchScreen.storyboard */; };
		5B3ED7572481CA000033FF79 /* Say_Their_NamesTests.swift in Sources */ = {isa = PBXBuildFile; fileRef = 5B3ED7562481CA000033FF79 /* Say_Their_NamesTests.swift */; };
		5B3ED769248292B80033FF79 /* HomeController.swift in Sources */ = {isa = PBXBuildFile; fileRef = 5B3ED767248292B80033FF79 /* HomeController.swift */; };
		5B3ED76A248292B80033FF79 /* HomeController.xib in Resources */ = {isa = PBXBuildFile; fileRef = 5B3ED768248292B80033FF79 /* HomeController.xib */; };
		5B3ED76D2482932A0033FF79 /* DonationsController.swift in Sources */ = {isa = PBXBuildFile; fileRef = 5B3ED76B2482932A0033FF79 /* DonationsController.swift */; };
		5B3ED76E2482932A0033FF79 /* DonationsController.xib in Resources */ = {isa = PBXBuildFile; fileRef = 5B3ED76C2482932A0033FF79 /* DonationsController.xib */; };
		5B3ED772248293860033FF79 /* PetitionsController.swift in Sources */ = {isa = PBXBuildFile; fileRef = 5B3ED770248293860033FF79 /* PetitionsController.swift */; };
		5B3ED773248293860033FF79 /* PetitionsController.xib in Resources */ = {isa = PBXBuildFile; fileRef = 5B3ED771248293860033FF79 /* PetitionsController.xib */; };
		5B3ED778248296F00033FF79 /* Karla-Bold.ttf in Resources */ = {isa = PBXBuildFile; fileRef = 5B3ED776248296EF0033FF79 /* Karla-Bold.ttf */; };
		5B3ED779248296F00033FF79 /* Karla-Regular.ttf in Resources */ = {isa = PBXBuildFile; fileRef = 5B3ED777248296F00033FF79 /* Karla-Regular.ttf */; };
		5B3ED77C24829FF80033FF79 /* CustomNavigationBar.swift in Sources */ = {isa = PBXBuildFile; fileRef = 5B3ED77B24829FF80033FF79 /* CustomNavigationBar.swift */; };
		A9B493F62482EEDB00614597 /* UIColor+STN.swift in Sources */ = {isa = PBXBuildFile; fileRef = A9B493F52482EEDB00614597 /* UIColor+STN.swift */; };
		A9B493F92482EF6500614597 /* UIColor+Resource.swift in Sources */ = {isa = PBXBuildFile; fileRef = A9B493F82482EF6500614597 /* UIColor+Resource.swift */; };
		A9B493FB2482EFFD00614597 /* UIFont+Resource.swift in Sources */ = {isa = PBXBuildFile; fileRef = A9B493FA2482EFFD00614597 /* UIFont+Resource.swift */; };
		A9B493FE2482F53A00614597 /* UIDevice+STN.swift in Sources */ = {isa = PBXBuildFile; fileRef = A9B493FD2482F53A00614597 /* UIDevice+STN.swift */; };
		A9B494002482F57600614597 /* STNSize.swift in Sources */ = {isa = PBXBuildFile; fileRef = A9B493FF2482F57600614597 /* STNSize.swift */; };
		B386F9522482F9F20037A38D /* UIFont+STN.swift in Sources */ = {isa = PBXBuildFile; fileRef = B386F9512482F9F20037A38D /* UIFont+STN.swift */; };
		B386F9552482FB540037A38D /* UIFontSTNTests.swift in Sources */ = {isa = PBXBuildFile; fileRef = B386F9542482FB540037A38D /* UIFontSTNTests.swift */; };
		EE494BD22482DAE3005DF3E3 /* PersonController.swift in Sources */ = {isa = PBXBuildFile; fileRef = EE494BD02482DAE3005DF3E3 /* PersonController.swift */; };
		EE494BD32482DAE3005DF3E3 /* PersonController.xib in Resources */ = {isa = PBXBuildFile; fileRef = EE494BD12482DAE3005DF3E3 /* PersonController.xib */; };
		EE494BD62482DDFB005DF3E3 /* temp.xib in Resources */ = {isa = PBXBuildFile; fileRef = EE494BD52482DDFB005DF3E3 /* temp.xib */; };
/* End PBXBuildFile section */

/* Begin PBXContainerItemProxy section */
		5B3ED7532481CA000033FF79 /* PBXContainerItemProxy */ = {
			isa = PBXContainerItemProxy;
			containerPortal = 5B3ED7342481C9F40033FF79 /* Project object */;
			proxyType = 1;
			remoteGlobalIDString = 5B3ED73B2481C9F50033FF79;
			remoteInfo = "Say Their Names";
		};
/* End PBXContainerItemProxy section */

/* Begin PBXFileReference section */
		5B3ED73C2481C9F50033FF79 /* Say Their Names.app */ = {isa = PBXFileReference; explicitFileType = wrapper.application; includeInIndex = 0; path = "Say Their Names.app"; sourceTree = BUILT_PRODUCTS_DIR; };
		5B3ED73F2481C9F50033FF79 /* AppDelegate.swift */ = {isa = PBXFileReference; lastKnownFileType = sourcecode.swift; path = AppDelegate.swift; sourceTree = "<group>"; };
		5B3ED7412481C9F50033FF79 /* SceneDelegate.swift */ = {isa = PBXFileReference; lastKnownFileType = sourcecode.swift; path = SceneDelegate.swift; sourceTree = "<group>"; };
		5B3ED7482481CA000033FF79 /* Assets.xcassets */ = {isa = PBXFileReference; lastKnownFileType = folder.assetcatalog; path = Assets.xcassets; sourceTree = "<group>"; };
		5B3ED74B2481CA000033FF79 /* Base */ = {isa = PBXFileReference; lastKnownFileType = file.storyboard; name = Base; path = Base.lproj/LaunchScreen.storyboard; sourceTree = "<group>"; };
		5B3ED74D2481CA000033FF79 /* Info.plist */ = {isa = PBXFileReference; lastKnownFileType = text.plist.xml; path = Info.plist; sourceTree = "<group>"; };
		5B3ED7522481CA000033FF79 /* Say Their NamesTests.xctest */ = {isa = PBXFileReference; explicitFileType = wrapper.cfbundle; includeInIndex = 0; path = "Say Their NamesTests.xctest"; sourceTree = BUILT_PRODUCTS_DIR; };
		5B3ED7562481CA000033FF79 /* Say_Their_NamesTests.swift */ = {isa = PBXFileReference; lastKnownFileType = sourcecode.swift; path = Say_Their_NamesTests.swift; sourceTree = "<group>"; };
		5B3ED7582481CA000033FF79 /* Info.plist */ = {isa = PBXFileReference; lastKnownFileType = text.plist.xml; path = Info.plist; sourceTree = "<group>"; };
		5B3ED767248292B80033FF79 /* HomeController.swift */ = {isa = PBXFileReference; lastKnownFileType = sourcecode.swift; path = HomeController.swift; sourceTree = "<group>"; };
		5B3ED768248292B80033FF79 /* HomeController.xib */ = {isa = PBXFileReference; lastKnownFileType = file.xib; path = HomeController.xib; sourceTree = "<group>"; };
		5B3ED76B2482932A0033FF79 /* DonationsController.swift */ = {isa = PBXFileReference; lastKnownFileType = sourcecode.swift; path = DonationsController.swift; sourceTree = "<group>"; };
		5B3ED76C2482932A0033FF79 /* DonationsController.xib */ = {isa = PBXFileReference; lastKnownFileType = file.xib; path = DonationsController.xib; sourceTree = "<group>"; };
		5B3ED770248293860033FF79 /* PetitionsController.swift */ = {isa = PBXFileReference; lastKnownFileType = sourcecode.swift; path = PetitionsController.swift; sourceTree = "<group>"; };
		5B3ED771248293860033FF79 /* PetitionsController.xib */ = {isa = PBXFileReference; lastKnownFileType = file.xib; path = PetitionsController.xib; sourceTree = "<group>"; };
		5B3ED776248296EF0033FF79 /* Karla-Bold.ttf */ = {isa = PBXFileReference; lastKnownFileType = file; path = "Karla-Bold.ttf"; sourceTree = "<group>"; };
		5B3ED777248296F00033FF79 /* Karla-Regular.ttf */ = {isa = PBXFileReference; lastKnownFileType = file; path = "Karla-Regular.ttf"; sourceTree = "<group>"; };
		5B3ED77B24829FF80033FF79 /* CustomNavigationBar.swift */ = {isa = PBXFileReference; lastKnownFileType = sourcecode.swift; path = CustomNavigationBar.swift; sourceTree = "<group>"; };
		A9B493F52482EEDB00614597 /* UIColor+STN.swift */ = {isa = PBXFileReference; lastKnownFileType = sourcecode.swift; path = "UIColor+STN.swift"; sourceTree = "<group>"; };
		A9B493F82482EF6500614597 /* UIColor+Resource.swift */ = {isa = PBXFileReference; lastKnownFileType = sourcecode.swift; path = "UIColor+Resource.swift"; sourceTree = "<group>"; };
		A9B493FA2482EFFD00614597 /* UIFont+Resource.swift */ = {isa = PBXFileReference; lastKnownFileType = sourcecode.swift; path = "UIFont+Resource.swift"; sourceTree = "<group>"; };
		A9B493FD2482F53A00614597 /* UIDevice+STN.swift */ = {isa = PBXFileReference; lastKnownFileType = sourcecode.swift; path = "UIDevice+STN.swift"; sourceTree = "<group>"; };
		A9B493FF2482F57600614597 /* STNSize.swift */ = {isa = PBXFileReference; lastKnownFileType = sourcecode.swift; path = STNSize.swift; sourceTree = "<group>"; };
		B386F9512482F9F20037A38D /* UIFont+STN.swift */ = {isa = PBXFileReference; lastKnownFileType = sourcecode.swift; path = "UIFont+STN.swift"; sourceTree = "<group>"; };
		B386F9542482FB540037A38D /* UIFontSTNTests.swift */ = {isa = PBXFileReference; lastKnownFileType = sourcecode.swift; path = UIFontSTNTests.swift; sourceTree = "<group>"; };
		EE494BD02482DAE3005DF3E3 /* PersonController.swift */ = {isa = PBXFileReference; lastKnownFileType = sourcecode.swift; path = PersonController.swift; sourceTree = "<group>"; };
		EE494BD12482DAE3005DF3E3 /* PersonController.xib */ = {isa = PBXFileReference; lastKnownFileType = file.xib; path = PersonController.xib; sourceTree = "<group>"; };
		EE494BD52482DDFB005DF3E3 /* temp.xib */ = {isa = PBXFileReference; fileEncoding = 4; lastKnownFileType = file.xib; path = temp.xib; sourceTree = "<group>"; };
/* End PBXFileReference section */

/* Begin PBXFrameworksBuildPhase section */
		5B3ED7392481C9F50033FF79 /* Frameworks */ = {
			isa = PBXFrameworksBuildPhase;
			buildActionMask = 2147483647;
			files = (
			);
			runOnlyForDeploymentPostprocessing = 0;
		};
		5B3ED74F2481CA000033FF79 /* Frameworks */ = {
			isa = PBXFrameworksBuildPhase;
			buildActionMask = 2147483647;
			files = (
			);
			runOnlyForDeploymentPostprocessing = 0;
		};
/* End PBXFrameworksBuildPhase section */

/* Begin PBXGroup section */
		5B3ED7332481C9F40033FF79 = {
			isa = PBXGroup;
			children = (
				5B3ED73E2481C9F50033FF79 /* Say Their Names */,
				5B3ED7552481CA000033FF79 /* Say Their NamesTests */,
				5B3ED73D2481C9F50033FF79 /* Products */,
			);
			sourceTree = "<group>";
		};
		5B3ED73D2481C9F50033FF79 /* Products */ = {
			isa = PBXGroup;
			children = (
				5B3ED73C2481C9F50033FF79 /* Say Their Names.app */,
				5B3ED7522481CA000033FF79 /* Say Their NamesTests.xctest */,
			);
			name = Products;
			sourceTree = "<group>";
		};
		5B3ED73E2481C9F50033FF79 /* Say Their Names */ = {
			isa = PBXGroup;
			children = (
				5B3ED73F2481C9F50033FF79 /* AppDelegate.swift */,
				5B3ED7482481CA000033FF79 /* Assets.xcassets */,
				5B3ED77A24829FA20033FF79 /* Components */,
				5B3ED7612482923F0033FF79 /* Controller */,
				A9B493F42482EEAE00614597 /* Extensions */,
				5B3ED74D2481CA000033FF79 /* Info.plist */,
				5B3ED74A2481CA000033FF79 /* LaunchScreen.storyboard */,
				5B3ED7662482928A0033FF79 /* Model */,
				5B3ED7412481C9F50033FF79 /* SceneDelegate.swift */,
				5B3ED774248294690033FF79 /* Utils */,
				EE494BD42482DB0A005DF3E3 /* View */,
			);
			path = "Say Their Names";
			sourceTree = "<group>";
		};
		5B3ED7552481CA000033FF79 /* Say Their NamesTests */ = {
			isa = PBXGroup;
			children = (
				B386F956248300E00037A38D /* UtilsTests */,
				B386F9532482FB2E0037A38D /* ExtensionsTests */,
				5B3ED7562481CA000033FF79 /* Say_Their_NamesTests.swift */,
				5B3ED7582481CA000033FF79 /* Info.plist */,
			);
			path = "Say Their NamesTests";
			sourceTree = "<group>";
		};
		5B3ED7612482923F0033FF79 /* Controller */ = {
			isa = PBXGroup;
			children = (
				5B3ED764248292780033FF79 /* Petitions */,
				5B3ED7632482926F0033FF79 /* Donations */,
				5B3ED762248292680033FF79 /* Home */,
			);
			path = Controller;
			sourceTree = "<group>";
		};
		5B3ED762248292680033FF79 /* Home */ = {
			isa = PBXGroup;
			children = (
				5B3ED767248292B80033FF79 /* HomeController.swift */,
				5B3ED768248292B80033FF79 /* HomeController.xib */,
				EE494BCD2482DA9A005DF3E3 /* Person */,
			);
			path = Home;
			sourceTree = "<group>";
		};
		5B3ED7632482926F0033FF79 /* Donations */ = {
			isa = PBXGroup;
			children = (
				5B3ED76B2482932A0033FF79 /* DonationsController.swift */,
				5B3ED76C2482932A0033FF79 /* DonationsController.xib */,
			);
			path = Donations;
			sourceTree = "<group>";
		};
		5B3ED764248292780033FF79 /* Petitions */ = {
			isa = PBXGroup;
			children = (
				5B3ED770248293860033FF79 /* PetitionsController.swift */,
				5B3ED771248293860033FF79 /* PetitionsController.xib */,
			);
			path = Petitions;
			sourceTree = "<group>";
		};
		5B3ED7662482928A0033FF79 /* Model */ = {
			isa = PBXGroup;
			children = (
			);
			path = Model;
			sourceTree = "<group>";
		};
		5B3ED774248294690033FF79 /* Utils */ = {
			isa = PBXGroup;
			children = (
				A9B493FC2482F4EA00614597 /* Size */,
				A9B493F72482EF5300614597 /* Color */,
				5B3ED775248295E40033FF79 /* Fonts */,
			);
			path = Utils;
			sourceTree = "<group>";
		};
		5B3ED775248295E40033FF79 /* Fonts */ = {
			isa = PBXGroup;
			children = (
				5B3ED776248296EF0033FF79 /* Karla-Bold.ttf */,
				5B3ED777248296F00033FF79 /* Karla-Regular.ttf */,
				A9B493FA2482EFFD00614597 /* UIFont+Resource.swift */,
			);
			path = Fonts;
			sourceTree = "<group>";
		};
		5B3ED77A24829FA20033FF79 /* Components */ = {
			isa = PBXGroup;
			children = (
				5B3ED77B24829FF80033FF79 /* CustomNavigationBar.swift */,
			);
			path = Components;
			sourceTree = "<group>";
		};
		A9B493F42482EEAE00614597 /* Extensions */ = {
			isa = PBXGroup;
			children = (
				A9B493F52482EEDB00614597 /* UIColor+STN.swift */,
				A9B493FD2482F53A00614597 /* UIDevice+STN.swift */,
				B386F9512482F9F20037A38D /* UIFont+STN.swift */,
			);
			path = Extensions;
			sourceTree = "<group>";
		};
		A9B493F72482EF5300614597 /* Color */ = {
			isa = PBXGroup;
			children = (
				A9B493F82482EF6500614597 /* UIColor+Resource.swift */,
			);
			path = Color;
			sourceTree = "<group>";
		};
		A9B493FC2482F4EA00614597 /* Size */ = {
			isa = PBXGroup;
			children = (
				A9B493FF2482F57600614597 /* STNSize.swift */,
			);
			path = Size;
			sourceTree = "<group>";
		};
		B386F9532482FB2E0037A38D /* ExtensionsTests */ = {
			isa = PBXGroup;
			children = (
				B386F9542482FB540037A38D /* UIFontSTNTests.swift */,
			);
			path = ExtensionsTests;
			sourceTree = "<group>";
		};
		B386F956248300E00037A38D /* UtilsTests */ = {
			isa = PBXGroup;
			children = (
			);
			path = UtilsTests;
			sourceTree = "<group>";
		};
		EE494BCD2482DA9A005DF3E3 /* Person */ = {
			isa = PBXGroup;
			children = (
				EE494BD52482DDFB005DF3E3 /* temp.xib */,
				EE494BD02482DAE3005DF3E3 /* PersonController.swift */,
				EE494BD12482DAE3005DF3E3 /* PersonController.xib */,
			);
			path = Person;
			sourceTree = "<group>";
		};
		EE494BD42482DB0A005DF3E3 /* View */ = {
			isa = PBXGroup;
			children = (
			);
			path = View;
			sourceTree = "<group>";
		};
/* End PBXGroup section */

/* Begin PBXNativeTarget section */
		5B3ED73B2481C9F50033FF79 /* Say Their Names */ = {
			isa = PBXNativeTarget;
			buildConfigurationList = 5B3ED75B2481CA000033FF79 /* Build configuration list for PBXNativeTarget "Say Their Names" */;
			buildPhases = (
				5B3ED7382481C9F50033FF79 /* Sources */,
				5B3ED7392481C9F50033FF79 /* Frameworks */,
				5B3ED73A2481C9F50033FF79 /* Resources */,
			);
			buildRules = (
			);
			dependencies = (
			);
			name = "Say Their Names";
			productName = "Say Their Names";
			productReference = 5B3ED73C2481C9F50033FF79 /* Say Their Names.app */;
			productType = "com.apple.product-type.application";
		};
		5B3ED7512481CA000033FF79 /* Say Their NamesTests */ = {
			isa = PBXNativeTarget;
			buildConfigurationList = 5B3ED75E2481CA000033FF79 /* Build configuration list for PBXNativeTarget "Say Their NamesTests" */;
			buildPhases = (
				5B3ED74E2481CA000033FF79 /* Sources */,
				5B3ED74F2481CA000033FF79 /* Frameworks */,
				5B3ED7502481CA000033FF79 /* Resources */,
			);
			buildRules = (
			);
			dependencies = (
				5B3ED7542481CA000033FF79 /* PBXTargetDependency */,
			);
			name = "Say Their NamesTests";
			productName = "Say Their NamesTests";
			productReference = 5B3ED7522481CA000033FF79 /* Say Their NamesTests.xctest */;
			productType = "com.apple.product-type.bundle.unit-test";
		};
/* End PBXNativeTarget section */

/* Begin PBXProject section */
		5B3ED7342481C9F40033FF79 /* Project object */ = {
			isa = PBXProject;
			attributes = {
				LastSwiftUpdateCheck = 1140;
				LastUpgradeCheck = 1140;
				ORGANIZATIONNAME = "Franck-Stephane Ndame Mpouli";
				TargetAttributes = {
					5B3ED73B2481C9F50033FF79 = {
						CreatedOnToolsVersion = 11.4;
					};
					5B3ED7512481CA000033FF79 = {
						CreatedOnToolsVersion = 11.4;
						TestTargetID = 5B3ED73B2481C9F50033FF79;
					};
				};
			};
			buildConfigurationList = 5B3ED7372481C9F40033FF79 /* Build configuration list for PBXProject "Say Their Names" */;
			compatibilityVersion = "Xcode 9.3";
			developmentRegion = en;
			hasScannedForEncodings = 0;
			knownRegions = (
				en,
				Base,
			);
			mainGroup = 5B3ED7332481C9F40033FF79;
			productRefGroup = 5B3ED73D2481C9F50033FF79 /* Products */;
			projectDirPath = "";
			projectRoot = "";
			targets = (
				5B3ED73B2481C9F50033FF79 /* Say Their Names */,
				5B3ED7512481CA000033FF79 /* Say Their NamesTests */,
			);
		};
/* End PBXProject section */

/* Begin PBXResourcesBuildPhase section */
		5B3ED73A2481C9F50033FF79 /* Resources */ = {
			isa = PBXResourcesBuildPhase;
			buildActionMask = 2147483647;
			files = (
				5B3ED74C2481CA000033FF79 /* LaunchScreen.storyboard in Resources */,
				5B3ED76A248292B80033FF79 /* HomeController.xib in Resources */,
				5B3ED7492481CA000033FF79 /* Assets.xcassets in Resources */,
				5B3ED778248296F00033FF79 /* Karla-Bold.ttf in Resources */,
				5B3ED779248296F00033FF79 /* Karla-Regular.ttf in Resources */,
				5B3ED76E2482932A0033FF79 /* DonationsController.xib in Resources */,
				EE494BD62482DDFB005DF3E3 /* temp.xib in Resources */,
				EE494BD32482DAE3005DF3E3 /* PersonController.xib in Resources */,
				5B3ED773248293860033FF79 /* PetitionsController.xib in Resources */,
			);
			runOnlyForDeploymentPostprocessing = 0;
		};
		5B3ED7502481CA000033FF79 /* Resources */ = {
			isa = PBXResourcesBuildPhase;
			buildActionMask = 2147483647;
			files = (
			);
			runOnlyForDeploymentPostprocessing = 0;
		};
/* End PBXResourcesBuildPhase section */

/* Begin PBXSourcesBuildPhase section */
		5B3ED7382481C9F50033FF79 /* Sources */ = {
			isa = PBXSourcesBuildPhase;
			buildActionMask = 2147483647;
			files = (
				A9B493FB2482EFFD00614597 /* UIFont+Resource.swift in Sources */,
				5B3ED77C24829FF80033FF79 /* CustomNavigationBar.swift in Sources */,
				A9B493FE2482F53A00614597 /* UIDevice+STN.swift in Sources */,
				A9B493F62482EEDB00614597 /* UIColor+STN.swift in Sources */,
				A9B493F92482EF6500614597 /* UIColor+Resource.swift in Sources */,
				5B3ED769248292B80033FF79 /* HomeController.swift in Sources */,
				5B3ED76D2482932A0033FF79 /* DonationsController.swift in Sources */,
				5B3ED7402481C9F50033FF79 /* AppDelegate.swift in Sources */,
				5B3ED7422481C9F50033FF79 /* SceneDelegate.swift in Sources */,
				EE494BD22482DAE3005DF3E3 /* PersonController.swift in Sources */,
				A9B494002482F57600614597 /* STNSize.swift in Sources */,
				5B3ED772248293860033FF79 /* PetitionsController.swift in Sources */,
				B386F9522482F9F20037A38D /* UIFont+STN.swift in Sources */,
			);
			runOnlyForDeploymentPostprocessing = 0;
		};
		5B3ED74E2481CA000033FF79 /* Sources */ = {
			isa = PBXSourcesBuildPhase;
			buildActionMask = 2147483647;
			files = (
				B386F9552482FB540037A38D /* UIFontSTNTests.swift in Sources */,
				5B3ED7572481CA000033FF79 /* Say_Their_NamesTests.swift in Sources */,
			);
			runOnlyForDeploymentPostprocessing = 0;
		};
/* End PBXSourcesBuildPhase section */

/* Begin PBXTargetDependency section */
		5B3ED7542481CA000033FF79 /* PBXTargetDependency */ = {
			isa = PBXTargetDependency;
			target = 5B3ED73B2481C9F50033FF79 /* Say Their Names */;
			targetProxy = 5B3ED7532481CA000033FF79 /* PBXContainerItemProxy */;
		};
/* End PBXTargetDependency section */

/* Begin PBXVariantGroup section */
		5B3ED74A2481CA000033FF79 /* LaunchScreen.storyboard */ = {
			isa = PBXVariantGroup;
			children = (
				5B3ED74B2481CA000033FF79 /* Base */,
			);
			name = LaunchScreen.storyboard;
			sourceTree = "<group>";
		};
/* End PBXVariantGroup section */

/* Begin XCBuildConfiguration section */
		5B3ED7592481CA000033FF79 /* Debug */ = {
			isa = XCBuildConfiguration;
			buildSettings = {
				ALWAYS_SEARCH_USER_PATHS = NO;
				CLANG_ANALYZER_NONNULL = YES;
				CLANG_ANALYZER_NUMBER_OBJECT_CONVERSION = YES_AGGRESSIVE;
				CLANG_CXX_LANGUAGE_STANDARD = "gnu++14";
				CLANG_CXX_LIBRARY = "libc++";
				CLANG_ENABLE_MODULES = YES;
				CLANG_ENABLE_OBJC_ARC = YES;
				CLANG_ENABLE_OBJC_WEAK = YES;
				CLANG_WARN_BLOCK_CAPTURE_AUTORELEASING = YES;
				CLANG_WARN_BOOL_CONVERSION = YES;
				CLANG_WARN_COMMA = YES;
				CLANG_WARN_CONSTANT_CONVERSION = YES;
				CLANG_WARN_DEPRECATED_OBJC_IMPLEMENTATIONS = YES;
				CLANG_WARN_DIRECT_OBJC_ISA_USAGE = YES_ERROR;
				CLANG_WARN_DOCUMENTATION_COMMENTS = YES;
				CLANG_WARN_EMPTY_BODY = YES;
				CLANG_WARN_ENUM_CONVERSION = YES;
				CLANG_WARN_INFINITE_RECURSION = YES;
				CLANG_WARN_INT_CONVERSION = YES;
				CLANG_WARN_NON_LITERAL_NULL_CONVERSION = YES;
				CLANG_WARN_OBJC_IMPLICIT_RETAIN_SELF = YES;
				CLANG_WARN_OBJC_LITERAL_CONVERSION = YES;
				CLANG_WARN_OBJC_ROOT_CLASS = YES_ERROR;
				CLANG_WARN_RANGE_LOOP_ANALYSIS = YES;
				CLANG_WARN_STRICT_PROTOTYPES = YES;
				CLANG_WARN_SUSPICIOUS_MOVE = YES;
				CLANG_WARN_UNGUARDED_AVAILABILITY = YES_AGGRESSIVE;
				CLANG_WARN_UNREACHABLE_CODE = YES;
				CLANG_WARN__DUPLICATE_METHOD_MATCH = YES;
				COPY_PHASE_STRIP = NO;
				DEBUG_INFORMATION_FORMAT = dwarf;
				ENABLE_STRICT_OBJC_MSGSEND = YES;
				ENABLE_TESTABILITY = YES;
				GCC_C_LANGUAGE_STANDARD = gnu11;
				GCC_DYNAMIC_NO_PIC = NO;
				GCC_NO_COMMON_BLOCKS = YES;
				GCC_OPTIMIZATION_LEVEL = 0;
				GCC_PREPROCESSOR_DEFINITIONS = (
					"DEBUG=1",
					"$(inherited)",
				);
				GCC_WARN_64_TO_32_BIT_CONVERSION = YES;
				GCC_WARN_ABOUT_RETURN_TYPE = YES_ERROR;
				GCC_WARN_UNDECLARED_SELECTOR = YES;
				GCC_WARN_UNINITIALIZED_AUTOS = YES_AGGRESSIVE;
				GCC_WARN_UNUSED_FUNCTION = YES;
				GCC_WARN_UNUSED_VARIABLE = YES;
				IPHONEOS_DEPLOYMENT_TARGET = 13.4;
				MTL_ENABLE_DEBUG_INFO = INCLUDE_SOURCE;
				MTL_FAST_MATH = YES;
				ONLY_ACTIVE_ARCH = YES;
				SDKROOT = iphoneos;
				SWIFT_ACTIVE_COMPILATION_CONDITIONS = DEBUG;
				SWIFT_OPTIMIZATION_LEVEL = "-Onone";
			};
			name = Debug;
		};
		5B3ED75A2481CA000033FF79 /* Release */ = {
			isa = XCBuildConfiguration;
			buildSettings = {
				ALWAYS_SEARCH_USER_PATHS = NO;
				CLANG_ANALYZER_NONNULL = YES;
				CLANG_ANALYZER_NUMBER_OBJECT_CONVERSION = YES_AGGRESSIVE;
				CLANG_CXX_LANGUAGE_STANDARD = "gnu++14";
				CLANG_CXX_LIBRARY = "libc++";
				CLANG_ENABLE_MODULES = YES;
				CLANG_ENABLE_OBJC_ARC = YES;
				CLANG_ENABLE_OBJC_WEAK = YES;
				CLANG_WARN_BLOCK_CAPTURE_AUTORELEASING = YES;
				CLANG_WARN_BOOL_CONVERSION = YES;
				CLANG_WARN_COMMA = YES;
				CLANG_WARN_CONSTANT_CONVERSION = YES;
				CLANG_WARN_DEPRECATED_OBJC_IMPLEMENTATIONS = YES;
				CLANG_WARN_DIRECT_OBJC_ISA_USAGE = YES_ERROR;
				CLANG_WARN_DOCUMENTATION_COMMENTS = YES;
				CLANG_WARN_EMPTY_BODY = YES;
				CLANG_WARN_ENUM_CONVERSION = YES;
				CLANG_WARN_INFINITE_RECURSION = YES;
				CLANG_WARN_INT_CONVERSION = YES;
				CLANG_WARN_NON_LITERAL_NULL_CONVERSION = YES;
				CLANG_WARN_OBJC_IMPLICIT_RETAIN_SELF = YES;
				CLANG_WARN_OBJC_LITERAL_CONVERSION = YES;
				CLANG_WARN_OBJC_ROOT_CLASS = YES_ERROR;
				CLANG_WARN_RANGE_LOOP_ANALYSIS = YES;
				CLANG_WARN_STRICT_PROTOTYPES = YES;
				CLANG_WARN_SUSPICIOUS_MOVE = YES;
				CLANG_WARN_UNGUARDED_AVAILABILITY = YES_AGGRESSIVE;
				CLANG_WARN_UNREACHABLE_CODE = YES;
				CLANG_WARN__DUPLICATE_METHOD_MATCH = YES;
				COPY_PHASE_STRIP = NO;
				DEBUG_INFORMATION_FORMAT = "dwarf-with-dsym";
				ENABLE_NS_ASSERTIONS = NO;
				ENABLE_STRICT_OBJC_MSGSEND = YES;
				GCC_C_LANGUAGE_STANDARD = gnu11;
				GCC_NO_COMMON_BLOCKS = YES;
				GCC_WARN_64_TO_32_BIT_CONVERSION = YES;
				GCC_WARN_ABOUT_RETURN_TYPE = YES_ERROR;
				GCC_WARN_UNDECLARED_SELECTOR = YES;
				GCC_WARN_UNINITIALIZED_AUTOS = YES_AGGRESSIVE;
				GCC_WARN_UNUSED_FUNCTION = YES;
				GCC_WARN_UNUSED_VARIABLE = YES;
				IPHONEOS_DEPLOYMENT_TARGET = 13.4;
				MTL_ENABLE_DEBUG_INFO = NO;
				MTL_FAST_MATH = YES;
				SDKROOT = iphoneos;
				SWIFT_COMPILATION_MODE = wholemodule;
				SWIFT_OPTIMIZATION_LEVEL = "-O";
				VALIDATE_PRODUCT = YES;
			};
			name = Release;
		};
		5B3ED75C2481CA000033FF79 /* Debug */ = {
			isa = XCBuildConfiguration;
			buildSettings = {
				ASSETCATALOG_COMPILER_APPICON_NAME = AppIcon;
				CODE_SIGN_STYLE = Automatic;
				DEVELOPMENT_TEAM = H3YM9UX59B;
				GCC_TREAT_WARNINGS_AS_ERRORS = YES;
				INFOPLIST_FILE = "Say Their Names/Info.plist";
				LD_RUNPATH_SEARCH_PATHS = (
					"$(inherited)",
					"@executable_path/Frameworks",
				);
				MARKETING_VERSION = 0.1;
				PRODUCT_BUNDLE_IDENTIFIER = "stn.Say-Their-Names";
				PRODUCT_NAME = "$(TARGET_NAME)";
				SWIFT_VERSION = 5.0;
				TARGETED_DEVICE_FAMILY = 1;
			};
			name = Debug;
		};
		5B3ED75D2481CA000033FF79 /* Release */ = {
			isa = XCBuildConfiguration;
			buildSettings = {
				ASSETCATALOG_COMPILER_APPICON_NAME = AppIcon;
				CODE_SIGN_STYLE = Automatic;
				DEVELOPMENT_TEAM = H3YM9UX59B;
				GCC_TREAT_WARNINGS_AS_ERRORS = YES;
				INFOPLIST_FILE = "Say Their Names/Info.plist";
				LD_RUNPATH_SEARCH_PATHS = (
					"$(inherited)",
					"@executable_path/Frameworks",
				);
				MARKETING_VERSION = 0.1;
				PRODUCT_BUNDLE_IDENTIFIER = "stn.Say-Their-Names";
				PRODUCT_NAME = "$(TARGET_NAME)";
				SWIFT_VERSION = 5.0;
				TARGETED_DEVICE_FAMILY = 1;
			};
			name = Release;
		};
		5B3ED75F2481CA000033FF79 /* Debug */ = {
			isa = XCBuildConfiguration;
			buildSettings = {
				ALWAYS_EMBED_SWIFT_STANDARD_LIBRARIES = YES;
				BUNDLE_LOADER = "$(TEST_HOST)";
				CODE_SIGN_STYLE = Automatic;
				DEVELOPMENT_TEAM = Q93T3ZJQ58;
				INFOPLIST_FILE = "Say Their NamesTests/Info.plist";
				IPHONEOS_DEPLOYMENT_TARGET = 13.4;
				LD_RUNPATH_SEARCH_PATHS = (
					"$(inherited)",
					"@executable_path/Frameworks",
					"@loader_path/Frameworks",
				);
				PRODUCT_BUNDLE_IDENTIFIER = "stn.Say-Their-NamesTests";
				PRODUCT_NAME = "$(TARGET_NAME)";
				SWIFT_VERSION = 5.0;
				TARGETED_DEVICE_FAMILY = "1,2";
				TEST_HOST = "$(BUILT_PRODUCTS_DIR)/Say Their Names.app/Say Their Names";
			};
			name = Debug;
		};
		5B3ED7602481CA000033FF79 /* Release */ = {
			isa = XCBuildConfiguration;
			buildSettings = {
				ALWAYS_EMBED_SWIFT_STANDARD_LIBRARIES = YES;
				BUNDLE_LOADER = "$(TEST_HOST)";
				CODE_SIGN_STYLE = Automatic;
				DEVELOPMENT_TEAM = Q93T3ZJQ58;
				INFOPLIST_FILE = "Say Their NamesTests/Info.plist";
				IPHONEOS_DEPLOYMENT_TARGET = 13.4;
				LD_RUNPATH_SEARCH_PATHS = (
					"$(inherited)",
					"@executable_path/Frameworks",
					"@loader_path/Frameworks",
				);
				PRODUCT_BUNDLE_IDENTIFIER = "stn.Say-Their-NamesTests";
				PRODUCT_NAME = "$(TARGET_NAME)";
				SWIFT_VERSION = 5.0;
				TARGETED_DEVICE_FAMILY = "1,2";
				TEST_HOST = "$(BUILT_PRODUCTS_DIR)/Say Their Names.app/Say Their Names";
			};
			name = Release;
		};
/* End XCBuildConfiguration section */

/* Begin XCConfigurationList section */
		5B3ED7372481C9F40033FF79 /* Build configuration list for PBXProject "Say Their Names" */ = {
			isa = XCConfigurationList;
			buildConfigurations = (
				5B3ED7592481CA000033FF79 /* Debug */,
				5B3ED75A2481CA000033FF79 /* Release */,
			);
			defaultConfigurationIsVisible = 0;
			defaultConfigurationName = Release;
		};
		5B3ED75B2481CA000033FF79 /* Build configuration list for PBXNativeTarget "Say Their Names" */ = {
			isa = XCConfigurationList;
			buildConfigurations = (
				5B3ED75C2481CA000033FF79 /* Debug */,
				5B3ED75D2481CA000033FF79 /* Release */,
			);
			defaultConfigurationIsVisible = 0;
			defaultConfigurationName = Release;
		};
		5B3ED75E2481CA000033FF79 /* Build configuration list for PBXNativeTarget "Say Their NamesTests" */ = {
			isa = XCConfigurationList;
			buildConfigurations = (
				5B3ED75F2481CA000033FF79 /* Debug */,
				5B3ED7602481CA000033FF79 /* Release */,
			);
			defaultConfigurationIsVisible = 0;
			defaultConfigurationName = Release;
		};
/* End XCConfigurationList section */
	};
	rootObject = 5B3ED7342481C9F40033FF79 /* Project object */;
}
